
Microsoft Visual Studio Solution File, Format Version 12.00
# Visual Studio Version 17
VisualStudioVersion = 17.14.36705.20
MinimumVisualStudioVersion = 10.0.40219.1
Project("{FAE04EC0-301F-11D3-BF4B-00C04F79EFBC}") = "Day1-2", "Day1-2\Day1-2.csproj", "{61C32B88-6C10-46C7-BC12-B690A832BC62}"
EndProject
Project("{FAE04EC0-301F-11D3-BF4B-00C04F79EFBC}") = "Day1-1", "Day1-1\Day1-1.csproj", "{56D5A2BF-E41D-0A7C-BBB9-AF767F6224A7}"
EndProject
Project("{FAE04EC0-301F-11D3-BF4B-00C04F79EFBC}") = "Day2-1", "Day2-1\Day2-1.csproj", "{58DA3FFD-EBE0-45FF-8352-5669E84B963B}"
EndProject
Project("{2150E333-8FDC-42A3-9474-1A3956D46DE8}") = "Day1", "Day1", "{02EA681E-C7D8-13C7-8484-4AC65E1B71E8}"
EndProject
Project("{2150E333-8FDC-42A3-9474-1A3956D46DE8}") = "Day2", "Day2", "{A7426ACF-292B-4186-886D-B1E79ACFA1F2}"
EndProject
Project("{FAE04EC0-301F-11D3-BF4B-00C04F79EFBC}") = "Day2-2", "Day2-2\Day2-2.csproj", "{55E0910C-3EA6-4A59-A304-02D90503A379}"
EndProject
Project("{2150E333-8FDC-42A3-9474-1A3956D46DE8}") = "Day3", "Day3", "{2A9A95F5-9BFB-4436-9540-B4D0E1446FCE}"
EndProject
Project("{FAE04EC0-301F-11D3-BF4B-00C04F79EFBC}") = "Day3-1", "Day3-1\Day3-1.csproj", "{5629B06B-4CA3-451C-9014-678B58088738}"
EndProject
Project("{FAE04EC0-301F-11D3-BF4B-00C04F79EFBC}") = "Day3-2", "Day3-2\Day3-2.csproj", "{AC8BFBA4-F7CA-46D8-8401-E109D817FAB3}"
EndProject
Project("{2150E333-8FDC-42A3-9474-1A3956D46DE8}") = "Day4", "Day4", "{1CF540B3-DF78-4F2A-9D68-3B22156134D6}"
EndProject
Project("{FAE04EC0-301F-11D3-BF4B-00C04F79EFBC}") = "Day4-1", "Day4-1\Day4-1.csproj", "{338ACDD8-409C-4182-8939-954D202A9E7B}"
EndProject
Project("{FAE04EC0-301F-11D3-BF4B-00C04F79EFBC}") = "Day4-2", "Day4-2\Day4-2.csproj", "{30027597-F70A-4E90-9C04-A24907B3B988}"
EndProject
Project("{2150E333-8FDC-42A3-9474-1A3956D46DE8}") = "Day5", "Day5", "{1AFE823F-0D12-44F7-A170-21492F56452E}"
EndProject
Project("{FAE04EC0-301F-11D3-BF4B-00C04F79EFBC}") = "Day5-1", "Day5-1\Day5-1.csproj", "{6ECAEDC4-DD38-4071-B33C-4AD078BFC75C}"
EndProject
Project("{FAE04EC0-301F-11D3-BF4B-00C04F79EFBC}") = "Day5-2", "Day5-2\Day5-2.csproj", "{70642266-2CE0-49DD-A207-74EE2F645F71}"
EndProject
Global
	GlobalSection(SolutionConfigurationPlatforms) = preSolution
		Debug|Any CPU = Debug|Any CPU
		Release|Any CPU = Release|Any CPU
	EndGlobalSection
	GlobalSection(ProjectConfigurationPlatforms) = postSolution
		{61C32B88-6C10-46C7-BC12-B690A832BC62}.Debug|Any CPU.ActiveCfg = Debug|Any CPU
		{61C32B88-6C10-46C7-BC12-B690A832BC62}.Debug|Any CPU.Build.0 = Debug|Any CPU
		{61C32B88-6C10-46C7-BC12-B690A832BC62}.Release|Any CPU.ActiveCfg = Release|Any CPU
		{61C32B88-6C10-46C7-BC12-B690A832BC62}.Release|Any CPU.Build.0 = Release|Any CPU
		{56D5A2BF-E41D-0A7C-BBB9-AF767F6224A7}.Debug|Any CPU.ActiveCfg = Debug|Any CPU
		{56D5A2BF-E41D-0A7C-BBB9-AF767F6224A7}.Debug|Any CPU.Build.0 = Debug|Any CPU
		{56D5A2BF-E41D-0A7C-BBB9-AF767F6224A7}.Release|Any CPU.ActiveCfg = Release|Any CPU
		{56D5A2BF-E41D-0A7C-BBB9-AF767F6224A7}.Release|Any CPU.Build.0 = Release|Any CPU
		{58DA3FFD-EBE0-45FF-8352-5669E84B963B}.Debug|Any CPU.ActiveCfg = Debug|Any CPU
		{58DA3FFD-EBE0-45FF-8352-5669E84B963B}.Debug|Any CPU.Build.0 = Debug|Any CPU
		{58DA3FFD-EBE0-45FF-8352-5669E84B963B}.Release|Any CPU.ActiveCfg = Release|Any CPU
		{58DA3FFD-EBE0-45FF-8352-5669E84B963B}.Release|Any CPU.Build.0 = Release|Any CPU
		{55E0910C-3EA6-4A59-A304-02D90503A379}.Debug|Any CPU.ActiveCfg = Debug|Any CPU
		{55E0910C-3EA6-4A59-A304-02D90503A379}.Debug|Any CPU.Build.0 = Debug|Any CPU
		{55E0910C-3EA6-4A59-A304-02D90503A379}.Release|Any CPU.ActiveCfg = Release|Any CPU
		{55E0910C-3EA6-4A59-A304-02D90503A379}.Release|Any CPU.Build.0 = Release|Any CPU
		{5629B06B-4CA3-451C-9014-678B58088738}.Debug|Any CPU.ActiveCfg = Debug|Any CPU
		{5629B06B-4CA3-451C-9014-678B58088738}.Debug|Any CPU.Build.0 = Debug|Any CPU
		{5629B06B-4CA3-451C-9014-678B58088738}.Release|Any CPU.ActiveCfg = Release|Any CPU
		{5629B06B-4CA3-451C-9014-678B58088738}.Release|Any CPU.Build.0 = Release|Any CPU
		{AC8BFBA4-F7CA-46D8-8401-E109D817FAB3}.Debug|Any CPU.ActiveCfg = Debug|Any CPU
		{AC8BFBA4-F7CA-46D8-8401-E109D817FAB3}.Debug|Any CPU.Build.0 = Debug|Any CPU
		{AC8BFBA4-F7CA-46D8-8401-E109D817FAB3}.Release|Any CPU.ActiveCfg = Release|Any CPU
		{AC8BFBA4-F7CA-46D8-8401-E109D817FAB3}.Release|Any CPU.Build.0 = Release|Any CPU
		{338ACDD8-409C-4182-8939-954D202A9E7B}.Debug|Any CPU.ActiveCfg = Debug|Any CPU
		{338ACDD8-409C-4182-8939-954D202A9E7B}.Debug|Any CPU.Build.0 = Debug|Any CPU
		{338ACDD8-409C-4182-8939-954D202A9E7B}.Release|Any CPU.ActiveCfg = Release|Any CPU
		{338ACDD8-409C-4182-8939-954D202A9E7B}.Release|Any CPU.Build.0 = Release|Any CPU
		{30027597-F70A-4E90-9C04-A24907B3B988}.Debug|Any CPU.ActiveCfg = Debug|Any CPU
		{30027597-F70A-4E90-9C04-A24907B3B988}.Debug|Any CPU.Build.0 = Debug|Any CPU
		{30027597-F70A-4E90-9C04-A24907B3B988}.Release|Any CPU.ActiveCfg = Release|Any CPU
		{30027597-F70A-4E90-9C04-A24907B3B988}.Release|Any CPU.Build.0 = Release|Any CPU
		{6ECAEDC4-DD38-4071-B33C-4AD078BFC75C}.Debug|Any CPU.ActiveCfg = Debug|Any CPU
		{6ECAEDC4-DD38-4071-B33C-4AD078BFC75C}.Debug|Any CPU.Build.0 = Debug|Any CPU
		{6ECAEDC4-DD38-4071-B33C-4AD078BFC75C}.Release|Any CPU.ActiveCfg = Release|Any CPU
		{6ECAEDC4-DD38-4071-B33C-4AD078BFC75C}.Release|Any CPU.Build.0 = Release|Any CPU
		{70642266-2CE0-49DD-A207-74EE2F645F71}.Debug|Any CPU.ActiveCfg = Debug|Any CPU
		{70642266-2CE0-49DD-A207-74EE2F645F71}.Debug|Any CPU.Build.0 = Debug|Any CPU
		{70642266-2CE0-49DD-A207-74EE2F645F71}.Release|Any CPU.ActiveCfg = Release|Any CPU
		{70642266-2CE0-49DD-A207-74EE2F645F71}.Release|Any CPU.Build.0 = Release|Any CPU
	EndGlobalSection
	GlobalSection(SolutionProperties) = preSolution
		HideSolutionNode = FALSE
	EndGlobalSection
	GlobalSection(NestedProjects) = preSolution
		{61C32B88-6C10-46C7-BC12-B690A832BC62} = {02EA681E-C7D8-13C7-8484-4AC65E1B71E8}
		{56D5A2BF-E41D-0A7C-BBB9-AF767F6224A7} = {02EA681E-C7D8-13C7-8484-4AC65E1B71E8}
		{58DA3FFD-EBE0-45FF-8352-5669E84B963B} = {A7426ACF-292B-4186-886D-B1E79ACFA1F2}
		{55E0910C-3EA6-4A59-A304-02D90503A379} = {A7426ACF-292B-4186-886D-B1E79ACFA1F2}
		{5629B06B-4CA3-451C-9014-678B58088738} = {2A9A95F5-9BFB-4436-9540-B4D0E1446FCE}
		{AC8BFBA4-F7CA-46D8-8401-E109D817FAB3} = {2A9A95F5-9BFB-4436-9540-B4D0E1446FCE}
		{338ACDD8-409C-4182-8939-954D202A9E7B} = {1CF540B3-DF78-4F2A-9D68-3B22156134D6}
		{30027597-F70A-4E90-9C04-A24907B3B988} = {1CF540B3-DF78-4F2A-9D68-3B22156134D6}
		{6ECAEDC4-DD38-4071-B33C-4AD078BFC75C} = {1AFE823F-0D12-44F7-A170-21492F56452E}
		{70642266-2CE0-49DD-A207-74EE2F645F71} = {1AFE823F-0D12-44F7-A170-21492F56452E}
	EndGlobalSection
	GlobalSection(ExtensibilityGlobals) = postSolution
		SolutionGuid = {C2F8C870-0ED5-4FF9-BD99-4653CCEADE40}
	EndGlobalSection
EndGlobal
